
Microsoft Visual Studio Solution File, Format Version 12.00
# Visual Studio 15
VisualStudioVersion = 15.0.27703.2035
MinimumVisualStudioVersion = 10.0.40219.1
Project("{FAE04EC0-301F-11D3-BF4B-00C04F79EFBC}") = "BFInterpreter", "BFInterpreter\BFInterpreter.csproj", "{C04F6B96-C674-44FB-9D3B-BC95A3534EAE}"
EndProject
Global
	GlobalSection(SolutionConfigurationPlatforms) = preSolution
		Debug|Any CPU = Debug|Any CPU
		Release|Any CPU = Release|Any CPU
	EndGlobalSection
	GlobalSection(ProjectConfigurationPlatforms) = postSolution
		{C04F6B96-C674-44FB-9D3B-BC95A3534EAE}.Debug|Any CPU.ActiveCfg = Debug|Any CPU
		{C04F6B96-C674-44FB-9D3B-BC95A3534EAE}.Debug|Any CPU.Build.0 = Debug|Any CPU
		{C04F6B96-C674-44FB-9D3B-BC95A3534EAE}.Release|Any CPU.ActiveCfg = Release|Any CPU
		{C04F6B96-C674-44FB-9D3B-BC95A3534EAE}.Release|Any CPU.Build.0 = Release|Any CPU
	EndGlobalSection
	GlobalSection(SolutionProperties) = preSolution
		HideSolutionNode = FALSE
	EndGlobalSection
	GlobalSection(ExtensibilityGlobals) = postSolution
		SolutionGuid = {F0FF8288-754D-43FA-AD77-F0241AA9BA2A}
	EndGlobalSection
EndGlobal
